
Microsoft Visual Studio Solution File, Format Version 12.00
# Visual Studio Version 16
VisualStudioVersion = 16.0.30711.63
MinimumVisualStudioVersion = 10.0.40219.1
Project("{FAE04EC0-301F-11D3-BF4B-00C04F79EFBC}") = "HomePracticalWork", "HomePracticalWork\HomePracticalWork.csproj", "{C247F82A-9864-4965-B0E6-701C22FA1AEB}"
EndProject
Global
	GlobalSection(SolutionConfigurationPlatforms) = preSolution
		Debug|Any CPU = Debug|Any CPU
		Release|Any CPU = Release|Any CPU
	EndGlobalSection
	GlobalSection(ProjectConfigurationPlatforms) = postSolution
		{C247F82A-9864-4965-B0E6-701C22FA1AEB}.Debug|Any CPU.ActiveCfg = Debug|Any CPU
		{C247F82A-9864-4965-B0E6-701C22FA1AEB}.Debug|Any CPU.Build.0 = Debug|Any CPU
		{C247F82A-9864-4965-B0E6-701C22FA1AEB}.Release|Any CPU.ActiveCfg = Release|Any CPU
		{C247F82A-9864-4965-B0E6-701C22FA1AEB}.Release|Any CPU.Build.0 = Release|Any CPU
	EndGlobalSection
	GlobalSection(SolutionProperties) = preSolution
		HideSolutionNode = FALSE
	EndGlobalSection
	GlobalSection(ExtensibilityGlobals) = postSolution
		SolutionGuid = {3B672A3E-9E31-4781-B132-454EEE04CAF3}
	EndGlobalSection
EndGlobal
